<?xml version="1.0" encoding="UTF-8" standalone="yes" ?>
<CodeBlocks_project_file>
	<FileVersion major="1" minor="6" />
	<Project>
		<Option title="CodeLink" />
		<Option pch_mode="2" />
		<Option compiler="gcc" />
		<Build>
			<Target title="Debug">
				<Option output="bin/Debug/nanatry" prefix_auto="1" extension_auto="1" />
				<Option object_output="obj/Debug/" />
				<Option type="1" />
				<Option compiler="gcc" />
				<Compiler>
					<Add option="-Os" />
					<Add option="-std=c++11" />
					<Add directory="include" />
				</Compiler>
				<ResourceCompiler>
					<Add directory="../../../Downloads/nana 1.3.0/nana/source" />
					<Add directory="../../../Downloads/nana 1.3.0/nana/source/gui" />
				</ResourceCompiler>
				<Linker>
					<Add option="-s" />
					<Add option="-lnana -lgdi32 -lcomdlg32" />
				</Linker>
			</Target>
			<Target title="Release">
				<Option output="bin/Release/nanatry" prefix_auto="1" extension_auto="1" />
				<Option object_output="obj/Release/" />
				<Option type="1" />
				<Option compiler="gcc" />
				<Compiler>
					<Add option="-O2" />
					<Add option="-std=c++0x" />
					<Add directory="include" />
				</Compiler>
				<ResourceCompiler>
					<Add directory="../../../Downloads/nana 1.3.0/nana/source" />
					<Add directory="../../../Downloads/nana 1.3.0/nana/source/gui" />
				</ResourceCompiler>
				<Linker>
					<Add option="-s" />
				</Linker>
			</Target>
		</Build>
		<Compiler>
			<Add option="-Wall" />
			<Add option="-fexceptions" />
		</Compiler>
		<Unit filename="include/Block.h" />
		<Unit filename="include/CodeEditor.h" />
		<Unit filename="include/CodeLink.h" />
		<Unit filename="include/Desk.h" />
		<Unit filename="include/Source.h" />
		<Unit filename="include/Xstr.h" />
		<Unit filename="main.cpp" />
		<Unit filename="src/Block.cpp" />
		<Unit filename="src/CodeEditor.cpp" />
		<Unit filename="src/Desk.cpp" />
		<Unit filename="src/Source.cpp" />
		<Unit filename="src/Xstr.cpp" />
		<Extensions>
			<code_completion />
			<envvars />
			<debugger />
			<lib_finder disable_auto="1" />
		</Extensions>
	</Project>
</CodeBlocks_project_file>
